
Microsoft Visual Studio Solution File, Format Version 12.00
# Visual Studio 14
VisualStudioVersion = 14.0.24720.0
MinimumVisualStudioVersion = 10.0.40219.1
Project("{FAE04EC0-301F-11D3-BF4B-00C04F79EFBC}") = "AudioManager10", "AudioManager10\AudioManager10.csproj", "{28BAF17B-60E4-4B7D-8AF0-D27979D12B0E}"
EndProject
Project("{2150E333-8FDC-42A3-9474-1A3956D46DE8}") = "1 Application", "1 Application", "{DA1FDD79-14F1-4A8A-A47B-244832FB266B}"
EndProject
Project("{2150E333-8FDC-42A3-9474-1A3956D46DE8}") = "2 View", "2 View", "{88991764-8892-4412-B70A-E7CD9BCC3EEF}"
EndProject
Project("{2150E333-8FDC-42A3-9474-1A3956D46DE8}") = "3 Utility", "3 Utility", "{085A095F-45D5-4F67-B764-3E83F596D9E0}"
EndProject
Project("{FAE04EC0-301F-11D3-BF4B-00C04F79EFBC}") = "AudioManager10.View", "AudioManager10.View\AudioManager10.View.csproj", "{DFB02C5D-8805-4D7F-862D-C1EBAFB8633C}"
EndProject
Project("{FAE04EC0-301F-11D3-BF4B-00C04F79EFBC}") = "AudioManager10.ViewModel", "AudioManager10.ViewModel\AudioManager10.ViewModel.csproj", "{4D04F487-4B09-49A9-BC3E-041A9DDA9009}"
EndProject
Project("{2150E333-8FDC-42A3-9474-1A3956D46DE8}") = "NotifyIcon", "NotifyIcon", "{34EEFBBB-3EF8-4C37-97E4-72256809C5B1}"
EndProject
Project("{FAE04EC0-301F-11D3-BF4B-00C04F79EFBC}") = "NotifyIconWpf", "NotifyIconWpf\NotifyIconWpf.csproj", "{7AC63864-7638-41C4-969C-D3197EF2BED9}"
EndProject
Project("{2150E333-8FDC-42A3-9474-1A3956D46DE8}") = "AudioControl", "AudioControl", "{A7DABCEF-45CE-4305-B83B-C4EE1C65602B}"
EndProject
Project("{FAE04EC0-301F-11D3-BF4B-00C04F79EFBC}") = "EndPointControllerWrapper", "EndPointControllerWrapper\EndPointControllerWrapper.csproj", "{609628BA-4091-44CB-AE0C-232E675C861F}"
EndProject
Project("{FAE04EC0-301F-11D3-BF4B-00C04F79EFBC}") = "NAudioWrapper", "NAudioWrapper\NAudioWrapper.csproj", "{3B227C3A-F160-487E-8396-986986319F57}"
EndProject
Project("{2150E333-8FDC-42A3-9474-1A3956D46DE8}") = "DependencyInjection", "DependencyInjection", "{19B09E1D-4256-4B03-B4A0-D2D9F33D7172}"
EndProject
Project("{FAE04EC0-301F-11D3-BF4B-00C04F79EFBC}") = "AudioManager10.DependencyInjector", "AudioManager10.DependencyInjector\AudioManager10.DependencyInjector.csproj", "{9B09D280-A8ED-4AE6-A01F-F6AD649D32C9}"
EndProject
Project("{2150E333-8FDC-42A3-9474-1A3956D46DE8}") = "4 CrossCutting", "4 CrossCutting", "{2BBB37DB-7FE0-4BBD-9ECC-19C4B554D480}"
EndProject
Project("{FAE04EC0-301F-11D3-BF4B-00C04F79EFBC}") = "AudioManager10.Settings", "AudioManager10.Settings\AudioManager10.Settings.csproj", "{AC24EA76-8B99-480F-812B-9EFC60B7A398}"
EndProject
Global
	GlobalSection(SolutionConfigurationPlatforms) = preSolution
		AppVeyor|Any CPU = AppVeyor|Any CPU
		AppVeyor|x64 = AppVeyor|x64
		AppVeyor|x86 = AppVeyor|x86
		Debug|Any CPU = Debug|Any CPU
		Debug|x64 = Debug|x64
		Debug|x86 = Debug|x86
		Release|Any CPU = Release|Any CPU
		Release|x64 = Release|x64
		Release|x86 = Release|x86
	EndGlobalSection
	GlobalSection(ProjectConfigurationPlatforms) = postSolution
		{28BAF17B-60E4-4B7D-8AF0-D27979D12B0E}.AppVeyor|Any CPU.ActiveCfg = Release|Any CPU
		{28BAF17B-60E4-4B7D-8AF0-D27979D12B0E}.AppVeyor|Any CPU.Build.0 = Release|Any CPU
		{28BAF17B-60E4-4B7D-8AF0-D27979D12B0E}.AppVeyor|x64.ActiveCfg = Release|Any CPU
		{28BAF17B-60E4-4B7D-8AF0-D27979D12B0E}.AppVeyor|x64.Build.0 = Release|Any CPU
		{28BAF17B-60E4-4B7D-8AF0-D27979D12B0E}.AppVeyor|x86.ActiveCfg = Release|Any CPU
		{28BAF17B-60E4-4B7D-8AF0-D27979D12B0E}.AppVeyor|x86.Build.0 = Release|Any CPU
		{28BAF17B-60E4-4B7D-8AF0-D27979D12B0E}.Debug|Any CPU.ActiveCfg = Debug|Any CPU
		{28BAF17B-60E4-4B7D-8AF0-D27979D12B0E}.Debug|Any CPU.Build.0 = Debug|Any CPU
		{28BAF17B-60E4-4B7D-8AF0-D27979D12B0E}.Debug|x64.ActiveCfg = Debug|Any CPU
		{28BAF17B-60E4-4B7D-8AF0-D27979D12B0E}.Debug|x64.Build.0 = Debug|Any CPU
		{28BAF17B-60E4-4B7D-8AF0-D27979D12B0E}.Debug|x86.ActiveCfg = Debug|Any CPU
		{28BAF17B-60E4-4B7D-8AF0-D27979D12B0E}.Debug|x86.Build.0 = Debug|Any CPU
		{28BAF17B-60E4-4B7D-8AF0-D27979D12B0E}.Release|Any CPU.ActiveCfg = Release|Any CPU
		{28BAF17B-60E4-4B7D-8AF0-D27979D12B0E}.Release|Any CPU.Build.0 = Release|Any CPU
		{28BAF17B-60E4-4B7D-8AF0-D27979D12B0E}.Release|x64.ActiveCfg = Release|Any CPU
		{28BAF17B-60E4-4B7D-8AF0-D27979D12B0E}.Release|x64.Build.0 = Release|Any CPU
		{28BAF17B-60E4-4B7D-8AF0-D27979D12B0E}.Release|x86.ActiveCfg = Release|Any CPU
		{28BAF17B-60E4-4B7D-8AF0-D27979D12B0E}.Release|x86.Build.0 = Release|Any CPU
		{DFB02C5D-8805-4D7F-862D-C1EBAFB8633C}.AppVeyor|Any CPU.ActiveCfg = Release|Any CPU
		{DFB02C5D-8805-4D7F-862D-C1EBAFB8633C}.AppVeyor|Any CPU.Build.0 = Release|Any CPU
		{DFB02C5D-8805-4D7F-862D-C1EBAFB8633C}.AppVeyor|x64.ActiveCfg = Release|Any CPU
		{DFB02C5D-8805-4D7F-862D-C1EBAFB8633C}.AppVeyor|x64.Build.0 = Release|Any CPU
		{DFB02C5D-8805-4D7F-862D-C1EBAFB8633C}.AppVeyor|x86.ActiveCfg = Release|Any CPU
		{DFB02C5D-8805-4D7F-862D-C1EBAFB8633C}.AppVeyor|x86.Build.0 = Release|Any CPU
		{DFB02C5D-8805-4D7F-862D-C1EBAFB8633C}.Debug|Any CPU.ActiveCfg = Debug|Any CPU
		{DFB02C5D-8805-4D7F-862D-C1EBAFB8633C}.Debug|Any CPU.Build.0 = Debug|Any CPU
		{DFB02C5D-8805-4D7F-862D-C1EBAFB8633C}.Debug|x64.ActiveCfg = Debug|Any CPU
		{DFB02C5D-8805-4D7F-862D-C1EBAFB8633C}.Debug|x64.Build.0 = Debug|Any CPU
		{DFB02C5D-8805-4D7F-862D-C1EBAFB8633C}.Debug|x86.ActiveCfg = Debug|Any CPU
		{DFB02C5D-8805-4D7F-862D-C1EBAFB8633C}.Debug|x86.Build.0 = Debug|Any CPU
		{DFB02C5D-8805-4D7F-862D-C1EBAFB8633C}.Release|Any CPU.ActiveCfg = Release|Any CPU
		{DFB02C5D-8805-4D7F-862D-C1EBAFB8633C}.Release|Any CPU.Build.0 = Release|Any CPU
		{DFB02C5D-8805-4D7F-862D-C1EBAFB8633C}.Release|x64.ActiveCfg = Release|Any CPU
		{DFB02C5D-8805-4D7F-862D-C1EBAFB8633C}.Release|x64.Build.0 = Release|Any CPU
		{DFB02C5D-8805-4D7F-862D-C1EBAFB8633C}.Release|x86.ActiveCfg = Release|Any CPU
		{DFB02C5D-8805-4D7F-862D-C1EBAFB8633C}.Release|x86.Build.0 = Release|Any CPU
		{4D04F487-4B09-49A9-BC3E-041A9DDA9009}.AppVeyor|Any CPU.ActiveCfg = Release|Any CPU
		{4D04F487-4B09-49A9-BC3E-041A9DDA9009}.AppVeyor|Any CPU.Build.0 = Release|Any CPU
		{4D04F487-4B09-49A9-BC3E-041A9DDA9009}.AppVeyor|x64.ActiveCfg = Release|Any CPU
		{4D04F487-4B09-49A9-BC3E-041A9DDA9009}.AppVeyor|x64.Build.0 = Release|Any CPU
		{4D04F487-4B09-49A9-BC3E-041A9DDA9009}.AppVeyor|x86.ActiveCfg = Release|Any CPU
		{4D04F487-4B09-49A9-BC3E-041A9DDA9009}.AppVeyor|x86.Build.0 = Release|Any CPU
		{4D04F487-4B09-49A9-BC3E-041A9DDA9009}.Debug|Any CPU.ActiveCfg = Debug|Any CPU
		{4D04F487-4B09-49A9-BC3E-041A9DDA9009}.Debug|Any CPU.Build.0 = Debug|Any CPU
		{4D04F487-4B09-49A9-BC3E-041A9DDA9009}.Debug|x64.ActiveCfg = Debug|Any CPU
		{4D04F487-4B09-49A9-BC3E-041A9DDA9009}.Debug|x64.Build.0 = Debug|Any CPU
		{4D04F487-4B09-49A9-BC3E-041A9DDA9009}.Debug|x86.ActiveCfg = Debug|Any CPU
		{4D04F487-4B09-49A9-BC3E-041A9DDA9009}.Debug|x86.Build.0 = Debug|Any CPU
		{4D04F487-4B09-49A9-BC3E-041A9DDA9009}.Release|Any CPU.ActiveCfg = Release|Any CPU
		{4D04F487-4B09-49A9-BC3E-041A9DDA9009}.Release|Any CPU.Build.0 = Release|Any CPU
		{4D04F487-4B09-49A9-BC3E-041A9DDA9009}.Release|x64.ActiveCfg = Release|Any CPU
		{4D04F487-4B09-49A9-BC3E-041A9DDA9009}.Release|x64.Build.0 = Release|Any CPU
		{4D04F487-4B09-49A9-BC3E-041A9DDA9009}.Release|x86.ActiveCfg = Release|Any CPU
		{4D04F487-4B09-49A9-BC3E-041A9DDA9009}.Release|x86.Build.0 = Release|Any CPU
		{7AC63864-7638-41C4-969C-D3197EF2BED9}.AppVeyor|Any CPU.ActiveCfg = Release|Any CPU
		{7AC63864-7638-41C4-969C-D3197EF2BED9}.AppVeyor|Any CPU.Build.0 = Release|Any CPU
		{7AC63864-7638-41C4-969C-D3197EF2BED9}.AppVeyor|x64.ActiveCfg = Release|Any CPU
		{7AC63864-7638-41C4-969C-D3197EF2BED9}.AppVeyor|x64.Build.0 = Release|Any CPU
		{7AC63864-7638-41C4-969C-D3197EF2BED9}.AppVeyor|x86.ActiveCfg = Release|Any CPU
		{7AC63864-7638-41C4-969C-D3197EF2BED9}.AppVeyor|x86.Build.0 = Release|Any CPU
		{7AC63864-7638-41C4-969C-D3197EF2BED9}.Debug|Any CPU.ActiveCfg = Debug|Any CPU
		{7AC63864-7638-41C4-969C-D3197EF2BED9}.Debug|Any CPU.Build.0 = Debug|Any CPU
		{7AC63864-7638-41C4-969C-D3197EF2BED9}.Debug|x64.ActiveCfg = Debug|Any CPU
		{7AC63864-7638-41C4-969C-D3197EF2BED9}.Debug|x64.Build.0 = Debug|Any CPU
		{7AC63864-7638-41C4-969C-D3197EF2BED9}.Debug|x86.ActiveCfg = Debug|Any CPU
		{7AC63864-7638-41C4-969C-D3197EF2BED9}.Debug|x86.Build.0 = Debug|Any CPU
		{7AC63864-7638-41C4-969C-D3197EF2BED9}.Release|Any CPU.ActiveCfg = Release|Any CPU
		{7AC63864-7638-41C4-969C-D3197EF2BED9}.Release|Any CPU.Build.0 = Release|Any CPU
		{7AC63864-7638-41C4-969C-D3197EF2BED9}.Release|x64.ActiveCfg = Release|Any CPU
		{7AC63864-7638-41C4-969C-D3197EF2BED9}.Release|x64.Build.0 = Release|Any CPU
		{7AC63864-7638-41C4-969C-D3197EF2BED9}.Release|x86.ActiveCfg = Release|Any CPU
		{7AC63864-7638-41C4-969C-D3197EF2BED9}.Release|x86.Build.0 = Release|Any CPU
		{609628BA-4091-44CB-AE0C-232E675C861F}.AppVeyor|Any CPU.ActiveCfg = Release|Any CPU
		{609628BA-4091-44CB-AE0C-232E675C861F}.AppVeyor|Any CPU.Build.0 = Release|Any CPU
		{609628BA-4091-44CB-AE0C-232E675C861F}.AppVeyor|x64.ActiveCfg = Release|Any CPU
		{609628BA-4091-44CB-AE0C-232E675C861F}.AppVeyor|x64.Build.0 = Release|Any CPU
		{609628BA-4091-44CB-AE0C-232E675C861F}.AppVeyor|x86.ActiveCfg = Release|Any CPU
		{609628BA-4091-44CB-AE0C-232E675C861F}.AppVeyor|x86.Build.0 = Release|Any CPU
		{609628BA-4091-44CB-AE0C-232E675C861F}.Debug|Any CPU.ActiveCfg = Debug|Any CPU
		{609628BA-4091-44CB-AE0C-232E675C861F}.Debug|Any CPU.Build.0 = Debug|Any CPU
		{609628BA-4091-44CB-AE0C-232E675C861F}.Debug|x64.ActiveCfg = Debug|Any CPU
		{609628BA-4091-44CB-AE0C-232E675C861F}.Debug|x64.Build.0 = Debug|Any CPU
		{609628BA-4091-44CB-AE0C-232E675C861F}.Debug|x86.ActiveCfg = Debug|Any CPU
		{609628BA-4091-44CB-AE0C-232E675C861F}.Debug|x86.Build.0 = Debug|Any CPU
		{609628BA-4091-44CB-AE0C-232E675C861F}.Release|Any CPU.ActiveCfg = Release|Any CPU
		{609628BA-4091-44CB-AE0C-232E675C861F}.Release|Any CPU.Build.0 = Release|Any CPU
		{609628BA-4091-44CB-AE0C-232E675C861F}.Release|x64.ActiveCfg = Release|Any CPU
		{609628BA-4091-44CB-AE0C-232E675C861F}.Release|x64.Build.0 = Release|Any CPU
		{609628BA-4091-44CB-AE0C-232E675C861F}.Release|x86.ActiveCfg = Release|Any CPU
		{609628BA-4091-44CB-AE0C-232E675C861F}.Release|x86.Build.0 = Release|Any CPU
		{3B227C3A-F160-487E-8396-986986319F57}.AppVeyor|Any CPU.ActiveCfg = Release|Any CPU
		{3B227C3A-F160-487E-8396-986986319F57}.AppVeyor|Any CPU.Build.0 = Release|Any CPU
		{3B227C3A-F160-487E-8396-986986319F57}.AppVeyor|x64.ActiveCfg = Release|Any CPU
		{3B227C3A-F160-487E-8396-986986319F57}.AppVeyor|x64.Build.0 = Release|Any CPU
		{3B227C3A-F160-487E-8396-986986319F57}.AppVeyor|x86.ActiveCfg = Release|Any CPU
		{3B227C3A-F160-487E-8396-986986319F57}.AppVeyor|x86.Build.0 = Release|Any CPU
		{3B227C3A-F160-487E-8396-986986319F57}.Debug|Any CPU.ActiveCfg = Debug|Any CPU
		{3B227C3A-F160-487E-8396-986986319F57}.Debug|Any CPU.Build.0 = Debug|Any CPU
		{3B227C3A-F160-487E-8396-986986319F57}.Debug|x64.ActiveCfg = Debug|Any CPU
		{3B227C3A-F160-487E-8396-986986319F57}.Debug|x64.Build.0 = Debug|Any CPU
		{3B227C3A-F160-487E-8396-986986319F57}.Debug|x86.ActiveCfg = Debug|Any CPU
		{3B227C3A-F160-487E-8396-986986319F57}.Debug|x86.Build.0 = Debug|Any CPU
		{3B227C3A-F160-487E-8396-986986319F57}.Release|Any CPU.ActiveCfg = Release|Any CPU
		{3B227C3A-F160-487E-8396-986986319F57}.Release|Any CPU.Build.0 = Release|Any CPU
		{3B227C3A-F160-487E-8396-986986319F57}.Release|x64.ActiveCfg = Release|Any CPU
		{3B227C3A-F160-487E-8396-986986319F57}.Release|x64.Build.0 = Release|Any CPU
		{3B227C3A-F160-487E-8396-986986319F57}.Release|x86.ActiveCfg = Release|Any CPU
		{3B227C3A-F160-487E-8396-986986319F57}.Release|x86.Build.0 = Release|Any CPU
		{9B09D280-A8ED-4AE6-A01F-F6AD649D32C9}.AppVeyor|Any CPU.ActiveCfg = Release|Any CPU
		{9B09D280-A8ED-4AE6-A01F-F6AD649D32C9}.AppVeyor|Any CPU.Build.0 = Release|Any CPU
		{9B09D280-A8ED-4AE6-A01F-F6AD649D32C9}.AppVeyor|x64.ActiveCfg = Release|Any CPU
		{9B09D280-A8ED-4AE6-A01F-F6AD649D32C9}.AppVeyor|x64.Build.0 = Release|Any CPU
		{9B09D280-A8ED-4AE6-A01F-F6AD649D32C9}.AppVeyor|x86.ActiveCfg = Release|Any CPU
		{9B09D280-A8ED-4AE6-A01F-F6AD649D32C9}.AppVeyor|x86.Build.0 = Release|Any CPU
		{9B09D280-A8ED-4AE6-A01F-F6AD649D32C9}.Debug|Any CPU.ActiveCfg = Debug|Any CPU
		{9B09D280-A8ED-4AE6-A01F-F6AD649D32C9}.Debug|Any CPU.Build.0 = Debug|Any CPU
		{9B09D280-A8ED-4AE6-A01F-F6AD649D32C9}.Debug|x64.ActiveCfg = Debug|Any CPU
		{9B09D280-A8ED-4AE6-A01F-F6AD649D32C9}.Debug|x64.Build.0 = Debug|Any CPU
		{9B09D280-A8ED-4AE6-A01F-F6AD649D32C9}.Debug|x86.ActiveCfg = Debug|Any CPU
		{9B09D280-A8ED-4AE6-A01F-F6AD649D32C9}.Debug|x86.Build.0 = Debug|Any CPU
		{9B09D280-A8ED-4AE6-A01F-F6AD649D32C9}.Release|Any CPU.ActiveCfg = Release|Any CPU
		{9B09D280-A8ED-4AE6-A01F-F6AD649D32C9}.Release|Any CPU.Build.0 = Release|Any CPU
		{9B09D280-A8ED-4AE6-A01F-F6AD649D32C9}.Release|x64.ActiveCfg = Release|Any CPU
		{9B09D280-A8ED-4AE6-A01F-F6AD649D32C9}.Release|x64.Build.0 = Release|Any CPU
		{9B09D280-A8ED-4AE6-A01F-F6AD649D32C9}.Release|x86.ActiveCfg = Release|Any CPU
		{9B09D280-A8ED-4AE6-A01F-F6AD649D32C9}.Release|x86.Build.0 = Release|Any CPU
		{AC24EA76-8B99-480F-812B-9EFC60B7A398}.AppVeyor|Any CPU.ActiveCfg = Release|Any CPU
		{AC24EA76-8B99-480F-812B-9EFC60B7A398}.AppVeyor|Any CPU.Build.0 = Release|Any CPU
		{AC24EA76-8B99-480F-812B-9EFC60B7A398}.AppVeyor|x64.ActiveCfg = Release|Any CPU
		{AC24EA76-8B99-480F-812B-9EFC60B7A398}.AppVeyor|x64.Build.0 = Release|Any CPU
		{AC24EA76-8B99-480F-812B-9EFC60B7A398}.AppVeyor|x86.ActiveCfg = Release|Any CPU
		{AC24EA76-8B99-480F-812B-9EFC60B7A398}.AppVeyor|x86.Build.0 = Release|Any CPU
		{AC24EA76-8B99-480F-812B-9EFC60B7A398}.Debug|Any CPU.ActiveCfg = Debug|Any CPU
		{AC24EA76-8B99-480F-812B-9EFC60B7A398}.Debug|Any CPU.Build.0 = Debug|Any CPU
		{AC24EA76-8B99-480F-812B-9EFC60B7A398}.Debug|x64.ActiveCfg = Debug|Any CPU
		{AC24EA76-8B99-480F-812B-9EFC60B7A398}.Debug|x64.Build.0 = Debug|Any CPU
		{AC24EA76-8B99-480F-812B-9EFC60B7A398}.Debug|x86.ActiveCfg = Debug|Any CPU
		{AC24EA76-8B99-480F-812B-9EFC60B7A398}.Debug|x86.Build.0 = Debug|Any CPU
		{AC24EA76-8B99-480F-812B-9EFC60B7A398}.Release|Any CPU.ActiveCfg = Release|Any CPU
		{AC24EA76-8B99-480F-812B-9EFC60B7A398}.Release|Any CPU.Build.0 = Release|Any CPU
		{AC24EA76-8B99-480F-812B-9EFC60B7A398}.Release|x64.ActiveCfg = Release|Any CPU
		{AC24EA76-8B99-480F-812B-9EFC60B7A398}.Release|x64.Build.0 = Release|Any CPU
		{AC24EA76-8B99-480F-812B-9EFC60B7A398}.Release|x86.ActiveCfg = Release|Any CPU
		{AC24EA76-8B99-480F-812B-9EFC60B7A398}.Release|x86.Build.0 = Release|Any CPU
	EndGlobalSection
	GlobalSection(SolutionProperties) = preSolution
		HideSolutionNode = FALSE
	EndGlobalSection
	GlobalSection(NestedProjects) = preSolution
		{28BAF17B-60E4-4B7D-8AF0-D27979D12B0E} = {DA1FDD79-14F1-4A8A-A47B-244832FB266B}
		{DFB02C5D-8805-4D7F-862D-C1EBAFB8633C} = {88991764-8892-4412-B70A-E7CD9BCC3EEF}
		{4D04F487-4B09-49A9-BC3E-041A9DDA9009} = {88991764-8892-4412-B70A-E7CD9BCC3EEF}
		{34EEFBBB-3EF8-4C37-97E4-72256809C5B1} = {085A095F-45D5-4F67-B764-3E83F596D9E0}
		{7AC63864-7638-41C4-969C-D3197EF2BED9} = {34EEFBBB-3EF8-4C37-97E4-72256809C5B1}
		{A7DABCEF-45CE-4305-B83B-C4EE1C65602B} = {085A095F-45D5-4F67-B764-3E83F596D9E0}
		{609628BA-4091-44CB-AE0C-232E675C861F} = {A7DABCEF-45CE-4305-B83B-C4EE1C65602B}
		{3B227C3A-F160-487E-8396-986986319F57} = {A7DABCEF-45CE-4305-B83B-C4EE1C65602B}
		{19B09E1D-4256-4B03-B4A0-D2D9F33D7172} = {2BBB37DB-7FE0-4BBD-9ECC-19C4B554D480}
		{9B09D280-A8ED-4AE6-A01F-F6AD649D32C9} = {19B09E1D-4256-4B03-B4A0-D2D9F33D7172}
		{AC24EA76-8B99-480F-812B-9EFC60B7A398} = {19B09E1D-4256-4B03-B4A0-D2D9F33D7172}
	EndGlobalSection
EndGlobal
